
Microsoft Visual Studio Solution File, Format Version 11.00
# Visual Studio 2010
Project("{FAE04EC0-301F-11D3-BF4B-00C04F79EFBC}") = "Habanero.Linq", "Habanero.Linq\Habanero.Linq.csproj", "{B1435093-BEEA-48D0-AA67-B86AF968B0F8}"
EndProject
Project("{FAE04EC0-301F-11D3-BF4B-00C04F79EFBC}") = "Habanero.Linq.Tests", "Habanero.Linq.Tests\Habanero.Linq.Tests.csproj", "{1B74B83B-C796-411A-A0C2-0981587D17DC}"
EndProject
Global
	GlobalSection(SolutionConfigurationPlatforms) = preSolution
		Debug|Any CPU = Debug|Any CPU
		Release|Any CPU = Release|Any CPU
	EndGlobalSection
	GlobalSection(ProjectConfigurationPlatforms) = postSolution
		{B1435093-BEEA-48D0-AA67-B86AF968B0F8}.Debug|Any CPU.ActiveCfg = Debug|Any CPU
		{B1435093-BEEA-48D0-AA67-B86AF968B0F8}.Debug|Any CPU.Build.0 = Debug|Any CPU
		{B1435093-BEEA-48D0-AA67-B86AF968B0F8}.Release|Any CPU.ActiveCfg = Release|Any CPU
		{B1435093-BEEA-48D0-AA67-B86AF968B0F8}.Release|Any CPU.Build.0 = Release|Any CPU
		{1B74B83B-C796-411A-A0C2-0981587D17DC}.Debug|Any CPU.ActiveCfg = Debug|Any CPU
		{1B74B83B-C796-411A-A0C2-0981587D17DC}.Debug|Any CPU.Build.0 = Debug|Any CPU
		{1B74B83B-C796-411A-A0C2-0981587D17DC}.Release|Any CPU.ActiveCfg = Release|Any CPU
		{1B74B83B-C796-411A-A0C2-0981587D17DC}.Release|Any CPU.Build.0 = Release|Any CPU
	EndGlobalSection
	GlobalSection(SolutionProperties) = preSolution
		HideSolutionNode = FALSE
	EndGlobalSection
EndGlobal
